
Microsoft Visual Studio Solution File, Format Version 12.00
# Visual Studio Version 16
VisualStudioVersion = 16.0.31624.102
MinimumVisualStudioVersion = 10.0.40219.1
Project("{FAE04EC0-301F-11D3-BF4B-00C04F79EFBC}") = "invasionX", "invasionX.csproj", "{B7FF1C10-86E6-40EC-9B05-7E9455B6CF85}"
EndProject
Global
	GlobalSection(SolutionConfigurationPlatforms) = preSolution
		Debug|Any CPU = Debug|Any CPU
		Release|Any CPU = Release|Any CPU
	EndGlobalSection
	GlobalSection(ProjectConfigurationPlatforms) = postSolution
		{B7FF1C10-86E6-40EC-9B05-7E9455B6CF85}.Debug|Any CPU.ActiveCfg = Debug|Any CPU
		{B7FF1C10-86E6-40EC-9B05-7E9455B6CF85}.Debug|Any CPU.Build.0 = Debug|Any CPU
		{B7FF1C10-86E6-40EC-9B05-7E9455B6CF85}.Release|Any CPU.ActiveCfg = Release|Any CPU
		{B7FF1C10-86E6-40EC-9B05-7E9455B6CF85}.Release|Any CPU.Build.0 = Release|Any CPU
	EndGlobalSection
	GlobalSection(SolutionProperties) = preSolution
		HideSolutionNode = FALSE
	EndGlobalSection
	GlobalSection(ExtensibilityGlobals) = postSolution
		SolutionGuid = {3552AAA0-E204-4856-9F05-99D39110EF48}
	EndGlobalSection
EndGlobal
